
Microsoft Visual Studio Solution File, Format Version 12.00
# Visual Studio Version 16
VisualStudioVersion = 16.0.30011.22
MinimumVisualStudioVersion = 10.0.40219.1
Project("{FAE04EC0-301F-11D3-BF4B-00C04F79EFBC}") = "Function-Queue-Table", "Function-Queue-Table\Function-Queue-Table.csproj", "{82565553-A8EA-433E-A352-FA4037AEF884}"
EndProject
Global
	GlobalSection(SolutionConfigurationPlatforms) = preSolution
		Debug|Any CPU = Debug|Any CPU
		Release|Any CPU = Release|Any CPU
	EndGlobalSection
	GlobalSection(ProjectConfigurationPlatforms) = postSolution
		{82565553-A8EA-433E-A352-FA4037AEF884}.Debug|Any CPU.ActiveCfg = Debug|Any CPU
		{82565553-A8EA-433E-A352-FA4037AEF884}.Debug|Any CPU.Build.0 = Debug|Any CPU
		{82565553-A8EA-433E-A352-FA4037AEF884}.Release|Any CPU.ActiveCfg = Release|Any CPU
		{82565553-A8EA-433E-A352-FA4037AEF884}.Release|Any CPU.Build.0 = Release|Any CPU
	EndGlobalSection
	GlobalSection(SolutionProperties) = preSolution
		HideSolutionNode = FALSE
	EndGlobalSection
	GlobalSection(ExtensibilityGlobals) = postSolution
		SolutionGuid = {96D52AD4-3616-417B-A2AC-DA2EEAED504E}
	EndGlobalSection
EndGlobal
