
Microsoft Visual Studio Solution File, Format Version 12.00
# Visual Studio Version 16
VisualStudioVersion = 16.0.30011.22
MinimumVisualStudioVersion = 10.0.40219.1
Project("{FAE04EC0-301F-11D3-BF4B-00C04F79EFBC}") = "coreproj", "coreproj\coreproj.csproj", "{5D3373B9-C65E-493E-BBD5-0052F2D44559}"
EndProject
Global
	GlobalSection(SolutionConfigurationPlatforms) = preSolution
		Debug|Any CPU = Debug|Any CPU
		Release|Any CPU = Release|Any CPU
	EndGlobalSection
	GlobalSection(ProjectConfigurationPlatforms) = postSolution
		{5D3373B9-C65E-493E-BBD5-0052F2D44559}.Debug|Any CPU.ActiveCfg = Debug|Any CPU
		{5D3373B9-C65E-493E-BBD5-0052F2D44559}.Debug|Any CPU.Build.0 = Debug|Any CPU
		{5D3373B9-C65E-493E-BBD5-0052F2D44559}.Release|Any CPU.ActiveCfg = Release|Any CPU
		{5D3373B9-C65E-493E-BBD5-0052F2D44559}.Release|Any CPU.Build.0 = Release|Any CPU
	EndGlobalSection
	GlobalSection(SolutionProperties) = preSolution
		HideSolutionNode = FALSE
	EndGlobalSection
	GlobalSection(ExtensibilityGlobals) = postSolution
		SolutionGuid = {5C2FABA7-3F53-4138-A041-3EE557A4B3E6}
	EndGlobalSection
EndGlobal
