
Microsoft Visual Studio Solution File, Format Version 12.00
# Visual Studio Version 17
VisualStudioVersion = 17.0.31912.275
MinimumVisualStudioVersion = 10.0.40219.1
Project("{FAE04EC0-301F-11D3-BF4B-00C04F79EFBC}") = "TableStorage", "TableStorage\TableStorage.csproj", "{C96C7E62-E49B-48E5-B4EB-118B0D29F128}"
EndProject
Global
	GlobalSection(SolutionConfigurationPlatforms) = preSolution
		Debug|Any CPU = Debug|Any CPU
		Release|Any CPU = Release|Any CPU
	EndGlobalSection
	GlobalSection(ProjectConfigurationPlatforms) = postSolution
		{C96C7E62-E49B-48E5-B4EB-118B0D29F128}.Debug|Any CPU.ActiveCfg = Debug|Any CPU
		{C96C7E62-E49B-48E5-B4EB-118B0D29F128}.Debug|Any CPU.Build.0 = Debug|Any CPU
		{C96C7E62-E49B-48E5-B4EB-118B0D29F128}.Release|Any CPU.ActiveCfg = Release|Any CPU
		{C96C7E62-E49B-48E5-B4EB-118B0D29F128}.Release|Any CPU.Build.0 = Release|Any CPU
	EndGlobalSection
	GlobalSection(SolutionProperties) = preSolution
		HideSolutionNode = FALSE
	EndGlobalSection
	GlobalSection(ExtensibilityGlobals) = postSolution
		SolutionGuid = {B44154D9-0E37-4D10-A7D9-6543820DDDA6}
	EndGlobalSection
EndGlobal
